// !$*UTF8*$!
{
	archiveVersion = 1;
	classes = {
	};
	objectVersion = 46;
	objects = {

/* Begin PBXBuildFile section */
		AAE113558314431894DC205F /* libPods.a in Frameworks */ = {isa = PBXBuildFile; fileRef = FC7F5844EA73441297D43447 /* libPods.a */; };
		EBA15A8418DE2A6800DC1449 /* Foundation.framework in Frameworks */ = {isa = PBXBuildFile; fileRef = EBA15A8318DE2A6800DC1449 /* Foundation.framework */; };
		EBA15A8618DE2A6800DC1449 /* CoreGraphics.framework in Frameworks */ = {isa = PBXBuildFile; fileRef = EBA15A8518DE2A6800DC1449 /* CoreGraphics.framework */; };
		EBA15A8818DE2A6800DC1449 /* UIKit.framework in Frameworks */ = {isa = PBXBuildFile; fileRef = EBA15A8718DE2A6800DC1449 /* UIKit.framework */; };
		EBA15A8E18DE2A6800DC1449 /* InfoPlist.strings in Resources */ = {isa = PBXBuildFile; fileRef = EBA15A8C18DE2A6800DC1449 /* InfoPlist.strings */; };
		EBA15A9018DE2A6800DC1449 /* main.m in Sources */ = {isa = PBXBuildFile; fileRef = EBA15A8F18DE2A6800DC1449 /* main.m */; };
		EBA15A9418DE2A6800DC1449 /* AppDelegate.m in Sources */ = {isa = PBXBuildFile; fileRef = EBA15A9318DE2A6800DC1449 /* AppDelegate.m */; };
		EBA15A9618DE2A6800DC1449 /* Images.xcassets in Resources */ = {isa = PBXBuildFile; fileRef = EBA15A9518DE2A6800DC1449 /* Images.xcassets */; };
		EBA15A9D18DE2A6800DC1449 /* XCTest.framework in Frameworks */ = {isa = PBXBuildFile; fileRef = EBA15A9C18DE2A6800DC1449 /* XCTest.framework */; };
		EBA15A9E18DE2A6800DC1449 /* Foundation.framework in Frameworks */ = {isa = PBXBuildFile; fileRef = EBA15A8318DE2A6800DC1449 /* Foundation.framework */; };
		EBA15A9F18DE2A6800DC1449 /* UIKit.framework in Frameworks */ = {isa = PBXBuildFile; fileRef = EBA15A8718DE2A6800DC1449 /* UIKit.framework */; };
		EBA15AA718DE2A6800DC1449 /* InfoPlist.strings in Resources */ = {isa = PBXBuildFile; fileRef = EBA15AA518DE2A6800DC1449 /* InfoPlist.strings */; };
		EBA15AA918DE2A6800DC1449 /* YelpTests.m in Sources */ = {isa = PBXBuildFile; fileRef = EBA15AA818DE2A6800DC1449 /* YelpTests.m */; };
		EBA15AB718DE2DAB00DC1449 /* YelpClient.m in Sources */ = {isa = PBXBuildFile; fileRef = EBA15AB618DE2DAB00DC1449 /* YelpClient.m */; };
		EBA15ABB18DE2FD200DC1449 /* ResultsLIstViewController.m in Sources */ = {isa = PBXBuildFile; fileRef = EBA15AB918DE2FD200DC1449 /* ResultsLIstViewController.m */; };
		EBA15ABC18DE2FD200DC1449 /* ResultsLIstViewController.xib in Resources */ = {isa = PBXBuildFile; fileRef = EBA15ABA18DE2FD200DC1449 /* ResultsLIstViewController.xib */; };
		EBA15ACB18DE478C00DC1449 /* YelpListing.m in Sources */ = {isa = PBXBuildFile; fileRef = EBA15ACA18DE478C00DC1449 /* YelpListing.m */; };
		EBA15ACF18DE47C500DC1449 /* YelpListingCell.m in Sources */ = {isa = PBXBuildFile; fileRef = EBA15ACD18DE47C500DC1449 /* YelpListingCell.m */; };
		EBA15AD018DE47C500DC1449 /* YelpListingCell.xib in Resources */ = {isa = PBXBuildFile; fileRef = EBA15ACE18DE47C500DC1449 /* YelpListingCell.xib */; };
/* End PBXBuildFile section */

/* Begin PBXContainerItemProxy section */
		EBA15AA018DE2A6800DC1449 /* PBXContainerItemProxy */ = {
			isa = PBXContainerItemProxy;
			containerPortal = EBA15A7818DE2A6800DC1449 /* Project object */;
			proxyType = 1;
			remoteGlobalIDString = EBA15A7F18DE2A6800DC1449;
			remoteInfo = Yelp;
		};
/* End PBXContainerItemProxy section */

/* Begin PBXFileReference section */
		E34E0C3CD4034F399C7C0122 /* Pods.xcconfig */ = {isa = PBXFileReference; includeInIndex = 1; lastKnownFileType = text.xcconfig; name = Pods.xcconfig; path = Pods/Pods.xcconfig; sourceTree = "<group>"; };
		EBA15A8018DE2A6800DC1449 /* Yelp.app */ = {isa = PBXFileReference; explicitFileType = wrapper.application; includeInIndex = 0; path = Yelp.app; sourceTree = BUILT_PRODUCTS_DIR; };
		EBA15A8318DE2A6800DC1449 /* Foundation.framework */ = {isa = PBXFileReference; lastKnownFileType = wrapper.framework; name = Foundation.framework; path = System/Library/Frameworks/Foundation.framework; sourceTree = SDKROOT; };
		EBA15A8518DE2A6800DC1449 /* CoreGraphics.framework */ = {isa = PBXFileReference; lastKnownFileType = wrapper.framework; name = CoreGraphics.framework; path = System/Library/Frameworks/CoreGraphics.framework; sourceTree = SDKROOT; };
		EBA15A8718DE2A6800DC1449 /* UIKit.framework */ = {isa = PBXFileReference; lastKnownFileType = wrapper.framework; name = UIKit.framework; path = System/Library/Frameworks/UIKit.framework; sourceTree = SDKROOT; };
		EBA15A8B18DE2A6800DC1449 /* Yelp-Info.plist */ = {isa = PBXFileReference; lastKnownFileType = text.plist.xml; path = "Yelp-Info.plist"; sourceTree = "<group>"; };
		EBA15A8D18DE2A6800DC1449 /* en */ = {isa = PBXFileReference; lastKnownFileType = text.plist.strings; name = en; path = en.lproj/InfoPlist.strings; sourceTree = "<group>"; };
		EBA15A8F18DE2A6800DC1449 /* main.m */ = {isa = PBXFileReference; lastKnownFileType = sourcecode.c.objc; path = main.m; sourceTree = "<group>"; };
		EBA15A9118DE2A6800DC1449 /* Yelp-Prefix.pch */ = {isa = PBXFileReference; lastKnownFileType = sourcecode.c.h; path = "Yelp-Prefix.pch"; sourceTree = "<group>"; };
		EBA15A9218DE2A6800DC1449 /* AppDelegate.h */ = {isa = PBXFileReference; lastKnownFileType = sourcecode.c.h; path = AppDelegate.h; sourceTree = "<group>"; };
		EBA15A9318DE2A6800DC1449 /* AppDelegate.m */ = {isa = PBXFileReference; lastKnownFileType = sourcecode.c.objc; path = AppDelegate.m; sourceTree = "<group>"; };
		EBA15A9518DE2A6800DC1449 /* Images.xcassets */ = {isa = PBXFileReference; lastKnownFileType = folder.assetcatalog; path = Images.xcassets; sourceTree = "<group>"; };
		EBA15A9B18DE2A6800DC1449 /* YelpTests.xctest */ = {isa = PBXFileReference; explicitFileType = wrapper.cfbundle; includeInIndex = 0; path = YelpTests.xctest; sourceTree = BUILT_PRODUCTS_DIR; };
		EBA15A9C18DE2A6800DC1449 /* XCTest.framework */ = {isa = PBXFileReference; lastKnownFileType = wrapper.framework; name = XCTest.framework; path = Library/Frameworks/XCTest.framework; sourceTree = DEVELOPER_DIR; };
		EBA15AA418DE2A6800DC1449 /* YelpTests-Info.plist */ = {isa = PBXFileReference; lastKnownFileType = text.plist.xml; path = "YelpTests-Info.plist"; sourceTree = "<group>"; };
		EBA15AA618DE2A6800DC1449 /* en */ = {isa = PBXFileReference; lastKnownFileType = text.plist.strings; name = en; path = en.lproj/InfoPlist.strings; sourceTree = "<group>"; };
		EBA15AA818DE2A6800DC1449 /* YelpTests.m */ = {isa = PBXFileReference; lastKnownFileType = sourcecode.c.objc; path = YelpTests.m; sourceTree = "<group>"; };
		EBA15AB518DE2DAB00DC1449 /* YelpClient.h */ = {isa = PBXFileReference; fileEncoding = 4; lastKnownFileType = sourcecode.c.h; path = YelpClient.h; sourceTree = "<group>"; };
		EBA15AB618DE2DAB00DC1449 /* YelpClient.m */ = {isa = PBXFileReference; fileEncoding = 4; lastKnownFileType = sourcecode.c.objc; path = YelpClient.m; sourceTree = "<group>"; };
		EBA15AB818DE2FD200DC1449 /* ResultsLIstViewController.h */ = {isa = PBXFileReference; fileEncoding = 4; lastKnownFileType = sourcecode.c.h; path = ResultsLIstViewController.h; sourceTree = "<group>"; };
		EBA15AB918DE2FD200DC1449 /* ResultsLIstViewController.m */ = {isa = PBXFileReference; fileEncoding = 4; lastKnownFileType = sourcecode.c.objc; path = ResultsLIstViewController.m; sourceTree = "<group>"; };
		EBA15ABA18DE2FD200DC1449 /* ResultsLIstViewController.xib */ = {isa = PBXFileReference; fileEncoding = 4; lastKnownFileType = file.xib; path = ResultsLIstViewController.xib; sourceTree = "<group>"; };
		EBA15AC918DE478C00DC1449 /* YelpListing.h */ = {isa = PBXFileReference; fileEncoding = 4; lastKnownFileType = sourcecode.c.h; path = YelpListing.h; sourceTree = SOURCE_ROOT; };
		EBA15ACA18DE478C00DC1449 /* YelpListing.m */ = {isa = PBXFileReference; fileEncoding = 4; lastKnownFileType = sourcecode.c.objc; path = YelpListing.m; sourceTree = SOURCE_ROOT; };
		EBA15ACC18DE47C500DC1449 /* YelpListingCell.h */ = {isa = PBXFileReference; fileEncoding = 4; lastKnownFileType = sourcecode.c.h; path = YelpListingCell.h; sourceTree = "<group>"; };
		EBA15ACD18DE47C500DC1449 /* YelpListingCell.m */ = {isa = PBXFileReference; fileEncoding = 4; lastKnownFileType = sourcecode.c.objc; path = YelpListingCell.m; sourceTree = "<group>"; };
		EBA15ACE18DE47C500DC1449 /* YelpListingCell.xib */ = {isa = PBXFileReference; fileEncoding = 4; lastKnownFileType = file.xib; path = YelpListingCell.xib; sourceTree = "<group>"; };
		FC7F5844EA73441297D43447 /* libPods.a */ = {isa = PBXFileReference; explicitFileType = archive.ar; includeInIndex = 0; path = libPods.a; sourceTree = BUILT_PRODUCTS_DIR; };
/* End PBXFileReference section */

/* Begin PBXFrameworksBuildPhase section */
		EBA15A7D18DE2A6800DC1449 /* Frameworks */ = {
			isa = PBXFrameworksBuildPhase;
			buildActionMask = 2147483647;
			files = (
				EBA15A8618DE2A6800DC1449 /* CoreGraphics.framework in Frameworks */,
				EBA15A8818DE2A6800DC1449 /* UIKit.framework in Frameworks */,
				EBA15A8418DE2A6800DC1449 /* Foundation.framework in Frameworks */,
				AAE113558314431894DC205F /* libPods.a in Frameworks */,
			);
			runOnlyForDeploymentPostprocessing = 0;
		};
		EBA15A9818DE2A6800DC1449 /* Frameworks */ = {
			isa = PBXFrameworksBuildPhase;
			buildActionMask = 2147483647;
			files = (
				EBA15A9D18DE2A6800DC1449 /* XCTest.framework in Frameworks */,
				EBA15A9F18DE2A6800DC1449 /* UIKit.framework in Frameworks */,
				EBA15A9E18DE2A6800DC1449 /* Foundation.framework in Frameworks */,
			);
			runOnlyForDeploymentPostprocessing = 0;
		};
/* End PBXFrameworksBuildPhase section */

/* Begin PBXGroup section */
		EBA15A7718DE2A6800DC1449 = {
			isa = PBXGroup;
			children = (
				EBA15A8918DE2A6800DC1449 /* Yelp */,
				EBA15AA218DE2A6800DC1449 /* YelpTests */,
				EBA15A8218DE2A6800DC1449 /* Frameworks */,
				EBA15A8118DE2A6800DC1449 /* Products */,
				E34E0C3CD4034F399C7C0122 /* Pods.xcconfig */,
			);
			sourceTree = "<group>";
		};
		EBA15A8118DE2A6800DC1449 /* Products */ = {
			isa = PBXGroup;
			children = (
				EBA15A8018DE2A6800DC1449 /* Yelp.app */,
				EBA15A9B18DE2A6800DC1449 /* YelpTests.xctest */,
			);
			name = Products;
			sourceTree = "<group>";
		};
		EBA15A8218DE2A6800DC1449 /* Frameworks */ = {
			isa = PBXGroup;
			children = (
				EBA15A8318DE2A6800DC1449 /* Foundation.framework */,
				EBA15A8518DE2A6800DC1449 /* CoreGraphics.framework */,
				EBA15A8718DE2A6800DC1449 /* UIKit.framework */,
				EBA15A9C18DE2A6800DC1449 /* XCTest.framework */,
				FC7F5844EA73441297D43447 /* libPods.a */,
			);
			name = Frameworks;
			sourceTree = "<group>";
		};
		EBA15A8918DE2A6800DC1449 /* Yelp */ = {
			isa = PBXGroup;
			children = (
				EBA15A9218DE2A6800DC1449 /* AppDelegate.h */,
				EBA15A9318DE2A6800DC1449 /* AppDelegate.m */,
				EBA15ABD18DE37FE00DC1449 /* API */,
				EBA15AB418DE2BD000DC1449 /* View Controllers */,
				EBA15AB318DE2BC700DC1449 /* Views */,
				EBA15AB218DE2BC000DC1449 /* Models */,
				EBA15A9518DE2A6800DC1449 /* Images.xcassets */,
				EBA15A8A18DE2A6800DC1449 /* Supporting Files */,
			);
			path = Yelp;
			sourceTree = "<group>";
		};
		EBA15A8A18DE2A6800DC1449 /* Supporting Files */ = {
			isa = PBXGroup;
			children = (
				EBA15A8B18DE2A6800DC1449 /* Yelp-Info.plist */,
				EBA15A8C18DE2A6800DC1449 /* InfoPlist.strings */,
				EBA15A8F18DE2A6800DC1449 /* main.m */,
				EBA15A9118DE2A6800DC1449 /* Yelp-Prefix.pch */,
			);
			name = "Supporting Files";
			sourceTree = "<group>";
		};
		EBA15AA218DE2A6800DC1449 /* YelpTests */ = {
			isa = PBXGroup;
			children = (
				EBA15AA818DE2A6800DC1449 /* YelpTests.m */,
				EBA15AA318DE2A6800DC1449 /* Supporting Files */,
			);
			path = YelpTests;
			sourceTree = "<group>";
		};
		EBA15AA318DE2A6800DC1449 /* Supporting Files */ = {
			isa = PBXGroup;
			children = (
				EBA15AA418DE2A6800DC1449 /* YelpTests-Info.plist */,
				EBA15AA518DE2A6800DC1449 /* InfoPlist.strings */,
			);
			name = "Supporting Files";
			sourceTree = "<group>";
		};
		EBA15AB218DE2BC000DC1449 /* Models */ = {
			isa = PBXGroup;
			children = (
				EBA15AC918DE478C00DC1449 /* YelpListing.h */,
				EBA15ACA18DE478C00DC1449 /* YelpListing.m */,
			);
			name = Models;
			sourceTree = "<group>";
		};
		EBA15AB318DE2BC700DC1449 /* Views */ = {
			isa = PBXGroup;
			children = (
				EBA15ACC18DE47C500DC1449 /* YelpListingCell.h */,
				EBA15ACD18DE47C500DC1449 /* YelpListingCell.m */,
				EBA15ACE18DE47C500DC1449 /* YelpListingCell.xib */,
			);
			name = Views;
			sourceTree = "<group>";
		};
		EBA15AB418DE2BD000DC1449 /* View Controllers */ = {
			isa = PBXGroup;
			children = (
				EBA15AB818DE2FD200DC1449 /* ResultsLIstViewController.h */,
				EBA15AB918DE2FD200DC1449 /* ResultsLIstViewController.m */,
				EBA15ABA18DE2FD200DC1449 /* ResultsLIstViewController.xib */,
			);
			name = "View Controllers";
			sourceTree = "<group>";
		};
		EBA15ABD18DE37FE00DC1449 /* API */ = {
			isa = PBXGroup;
			children = (
				EBA15AB518DE2DAB00DC1449 /* YelpClient.h */,
				EBA15AB618DE2DAB00DC1449 /* YelpClient.m */,
			);
			name = API;
			sourceTree = "<group>";
		};
/* End PBXGroup section */

/* Begin PBXNativeTarget section */
		EBA15A7F18DE2A6800DC1449 /* Yelp */ = {
			isa = PBXNativeTarget;
			buildConfigurationList = EBA15AAC18DE2A6800DC1449 /* Build configuration list for PBXNativeTarget "Yelp" */;
			buildPhases = (
				9F74171EA5154C37B882E94E /* Check Pods Manifest.lock */,
				EBA15A7C18DE2A6800DC1449 /* Sources */,
				EBA15A7D18DE2A6800DC1449 /* Frameworks */,
				EBA15A7E18DE2A6800DC1449 /* Resources */,
				A4EB95B18E0C401197F82F1F /* Copy Pods Resources */,
			);
			buildRules = (
			);
			dependencies = (
			);
			name = Yelp;
			productName = Yelp;
			productReference = EBA15A8018DE2A6800DC1449 /* Yelp.app */;
			productType = "com.apple.product-type.application";
		};
		EBA15A9A18DE2A6800DC1449 /* YelpTests */ = {
			isa = PBXNativeTarget;
			buildConfigurationList = EBA15AAF18DE2A6800DC1449 /* Build configuration list for PBXNativeTarget "YelpTests" */;
			buildPhases = (
				EBA15A9718DE2A6800DC1449 /* Sources */,
				EBA15A9818DE2A6800DC1449 /* Frameworks */,
				EBA15A9918DE2A6800DC1449 /* Resources */,
			);
			buildRules = (
			);
			dependencies = (
				EBA15AA118DE2A6800DC1449 /* PBXTargetDependency */,
			);
			name = YelpTests;
			productName = YelpTests;
			productReference = EBA15A9B18DE2A6800DC1449 /* YelpTests.xctest */;
			productType = "com.apple.product-type.bundle.unit-test";
		};
/* End PBXNativeTarget section */

/* Begin PBXProject section */
		EBA15A7818DE2A6800DC1449 /* Project object */ = {
			isa = PBXProject;
			attributes = {
				LastUpgradeCheck = 0510;
				ORGANIZATIONNAME = "Tripta Gupta";
				TargetAttributes = {
					EBA15A9A18DE2A6800DC1449 = {
						TestTargetID = EBA15A7F18DE2A6800DC1449;
					};
				};
			};
			buildConfigurationList = EBA15A7B18DE2A6800DC1449 /* Build configuration list for PBXProject "Yelp" */;
			compatibilityVersion = "Xcode 3.2";
			developmentRegion = English;
			hasScannedForEncodings = 0;
			knownRegions = (
				en,
			);
			mainGroup = EBA15A7718DE2A6800DC1449;
			productRefGroup = EBA15A8118DE2A6800DC1449 /* Products */;
			projectDirPath = "";
			projectRoot = "";
			targets = (
				EBA15A7F18DE2A6800DC1449 /* Yelp */,
				EBA15A9A18DE2A6800DC1449 /* YelpTests */,
			);
		};
/* End PBXProject section */

/* Begin PBXResourcesBuildPhase section */
		EBA15A7E18DE2A6800DC1449 /* Resources */ = {
			isa = PBXResourcesBuildPhase;
			buildActionMask = 2147483647;
			files = (
				EBA15AD018DE47C500DC1449 /* YelpListingCell.xib in Resources */,
				EBA15A8E18DE2A6800DC1449 /* InfoPlist.strings in Resources */,
				EBA15ABC18DE2FD200DC1449 /* ResultsLIstViewController.xib in Resources */,
				EBA15A9618DE2A6800DC1449 /* Images.xcassets in Resources */,
			);
			runOnlyForDeploymentPostprocessing = 0;
		};
		EBA15A9918DE2A6800DC1449 /* Resources */ = {
			isa = PBXResourcesBuildPhase;
			buildActionMask = 2147483647;
			files = (
				EBA15AA718DE2A6800DC1449 /* InfoPlist.strings in Resources */,
			);
			runOnlyForDeploymentPostprocessing = 0;
		};
/* End PBXResourcesBuildPhase section */

/* Begin PBXShellScriptBuildPhase section */
		9F74171EA5154C37B882E94E /* Check Pods Manifest.lock */ = {
			isa = PBXShellScriptBuildPhase;
			buildActionMask = 2147483647;
			files = (
			);
			inputPaths = (
			);
			name = "Check Pods Manifest.lock";
			outputPaths = (
			);
			runOnlyForDeploymentPostprocessing = 0;
			shellPath = /bin/sh;
			shellScript = "diff \"${PODS_ROOT}/../Podfile.lock\" \"${PODS_ROOT}/Manifest.lock\" > /dev/null\nif [[ $? != 0 ]] ; then\n    cat << EOM\nerror: The sandbox is not in sync with the Podfile.lock. Run 'pod install' or update your CocoaPods installation.\nEOM\n    exit 1\nfi\n";
			showEnvVarsInLog = 0;
		};
		A4EB95B18E0C401197F82F1F /* Copy Pods Resources */ = {
			isa = PBXShellScriptBuildPhase;
			buildActionMask = 2147483647;
			files = (
			);
			inputPaths = (
			);
			name = "Copy Pods Resources";
			outputPaths = (
			);
			runOnlyForDeploymentPostprocessing = 0;
			shellPath = /bin/sh;
			shellScript = "\"${SRCROOT}/Pods/Pods-resources.sh\"\n";
			showEnvVarsInLog = 0;
		};
/* End PBXShellScriptBuildPhase section */

/* Begin PBXSourcesBuildPhase section */
		EBA15A7C18DE2A6800DC1449 /* Sources */ = {
			isa = PBXSourcesBuildPhase;
			buildActionMask = 2147483647;
			files = (
				EBA15ACF18DE47C500DC1449 /* YelpListingCell.m in Sources */,
				EBA15ACB18DE478C00DC1449 /* YelpListing.m in Sources */,
				EBA15A9418DE2A6800DC1449 /* AppDelegate.m in Sources */,
				EBA15A9018DE2A6800DC1449 /* main.m in Sources */,
				EBA15AB718DE2DAB00DC1449 /* YelpClient.m in Sources */,
				EBA15ABB18DE2FD200DC1449 /* ResultsLIstViewController.m in Sources */,
			);
			runOnlyForDeploymentPostprocessing = 0;
		};
		EBA15A9718DE2A6800DC1449 /* Sources */ = {
			isa = PBXSourcesBuildPhase;
			buildActionMask = 2147483647;
			files = (
				EBA15AA918DE2A6800DC1449 /* YelpTests.m in Sources */,
			);
			runOnlyForDeploymentPostprocessing = 0;
		};
/* End PBXSourcesBuildPhase section */

/* Begin PBXTargetDependency section */
		EBA15AA118DE2A6800DC1449 /* PBXTargetDependency */ = {
			isa = PBXTargetDependency;
			target = EBA15A7F18DE2A6800DC1449 /* Yelp */;
			targetProxy = EBA15AA018DE2A6800DC1449 /* PBXContainerItemProxy */;
		};
/* End PBXTargetDependency section */

/* Begin PBXVariantGroup section */
		EBA15A8C18DE2A6800DC1449 /* InfoPlist.strings */ = {
			isa = PBXVariantGroup;
			children = (
				EBA15A8D18DE2A6800DC1449 /* en */,
			);
			name = InfoPlist.strings;
			sourceTree = "<group>";
		};
		EBA15AA518DE2A6800DC1449 /* InfoPlist.strings */ = {
			isa = PBXVariantGroup;
			children = (
				EBA15AA618DE2A6800DC1449 /* en */,
			);
			name = InfoPlist.strings;
			sourceTree = "<group>";
		};
/* End PBXVariantGroup section */

/* Begin XCBuildConfiguration section */
		EBA15AAA18DE2A6800DC1449 /* Debug */ = {
			isa = XCBuildConfiguration;
			buildSettings = {
				ALWAYS_SEARCH_USER_PATHS = NO;
				CLANG_CXX_LANGUAGE_STANDARD = "gnu++0x";
				CLANG_CXX_LIBRARY = "libc++";
				CLANG_ENABLE_MODULES = YES;
				CLANG_ENABLE_OBJC_ARC = YES;
				CLANG_WARN_BOOL_CONVERSION = YES;
				CLANG_WARN_CONSTANT_CONVERSION = YES;
				CLANG_WARN_DIRECT_OBJC_ISA_USAGE = YES_ERROR;
				CLANG_WARN_EMPTY_BODY = YES;
				CLANG_WARN_ENUM_CONVERSION = YES;
				CLANG_WARN_INT_CONVERSION = YES;
				CLANG_WARN_OBJC_ROOT_CLASS = YES_ERROR;
				CLANG_WARN__DUPLICATE_METHOD_MATCH = YES;
				"CODE_SIGN_IDENTITY[sdk=iphoneos*]" = "iPhone Developer";
				COPY_PHASE_STRIP = NO;
				GCC_C_LANGUAGE_STANDARD = gnu99;
				GCC_DYNAMIC_NO_PIC = NO;
				GCC_OPTIMIZATION_LEVEL = 0;
				GCC_PREPROCESSOR_DEFINITIONS = (
					"DEBUG=1",
					"$(inherited)",
				);
				GCC_SYMBOLS_PRIVATE_EXTERN = NO;
				GCC_WARN_64_TO_32_BIT_CONVERSION = YES;
				GCC_WARN_ABOUT_RETURN_TYPE = YES_ERROR;
				GCC_WARN_UNDECLARED_SELECTOR = YES;
				GCC_WARN_UNINITIALIZED_AUTOS = YES_AGGRESSIVE;
				GCC_WARN_UNUSED_FUNCTION = YES;
				GCC_WARN_UNUSED_VARIABLE = YES;
				IPHONEOS_DEPLOYMENT_TARGET = 7.1;
				ONLY_ACTIVE_ARCH = YES;
				SDKROOT = iphoneos;
			};
			name = Debug;
		};
		EBA15AAB18DE2A6800DC1449 /* Release */ = {
			isa = XCBuildConfiguration;
			buildSettings = {
				ALWAYS_SEARCH_USER_PATHS = NO;
				CLANG_CXX_LANGUAGE_STANDARD = "gnu++0x";
				CLANG_CXX_LIBRARY = "libc++";
				CLANG_ENABLE_MODULES = YES;
				CLANG_ENABLE_OBJC_ARC = YES;
				CLANG_WARN_BOOL_CONVERSION = YES;
				CLANG_WARN_CONSTANT_CONVERSION = YES;
				CLANG_WARN_DIRECT_OBJC_ISA_USAGE = YES_ERROR;
				CLANG_WARN_EMPTY_BODY = YES;
				CLANG_WARN_ENUM_CONVERSION = YES;
				CLANG_WARN_INT_CONVERSION = YES;
				CLANG_WARN_OBJC_ROOT_CLASS = YES_ERROR;
				CLANG_WARN__DUPLICATE_METHOD_MATCH = YES;
				"CODE_SIGN_IDENTITY[sdk=iphoneos*]" = "iPhone Developer";
				COPY_PHASE_STRIP = YES;
				ENABLE_NS_ASSERTIONS = NO;
				GCC_C_LANGUAGE_STANDARD = gnu99;
				GCC_WARN_64_TO_32_BIT_CONVERSION = YES;
				GCC_WARN_ABOUT_RETURN_TYPE = YES_ERROR;
				GCC_WARN_UNDECLARED_SELECTOR = YES;
				GCC_WARN_UNINITIALIZED_AUTOS = YES_AGGRESSIVE;
				GCC_WARN_UNUSED_FUNCTION = YES;
				GCC_WARN_UNUSED_VARIABLE = YES;
				IPHONEOS_DEPLOYMENT_TARGET = 7.1;
				SDKROOT = iphoneos;
				VALIDATE_PRODUCT = YES;
			};
			name = Release;
		};
		EBA15AAD18DE2A6800DC1449 /* Debug */ = {
			isa = XCBuildConfiguration;
			baseConfigurationReference = E34E0C3CD4034F399C7C0122 /* Pods.xcconfig */;
			buildSettings = {
				ASSETCATALOG_COMPILER_APPICON_NAME = AppIcon;
				ASSETCATALOG_COMPILER_LAUNCHIMAGE_NAME = LaunchImage;
				GCC_PRECOMPILE_PREFIX_HEADER = YES;
				GCC_PREFIX_HEADER = "Yelp/Yelp-Prefix.pch";
				INFOPLIST_FILE = "Yelp/Yelp-Info.plist";
				PRODUCT_NAME = "$(TARGET_NAME)";
				WRAPPER_EXTENSION = app;
			};
			name = Debug;
		};
		EBA15AAE18DE2A6800DC1449 /* Release */ = {
			isa = XCBuildConfiguration;
			baseConfigurationReference = E34E0C3CD4034F399C7C0122 /* Pods.xcconfig */;
			buildSettings = {
				ASSETCATALOG_COMPILER_APPICON_NAME = AppIcon;
				ASSETCATALOG_COMPILER_LAUNCHIMAGE_NAME = LaunchImage;
				GCC_PRECOMPILE_PREFIX_HEADER = YES;
				GCC_PREFIX_HEADER = "Yelp/Yelp-Prefix.pch";
				INFOPLIST_FILE = "Yelp/Yelp-Info.plist";
				PRODUCT_NAME = "$(TARGET_NAME)";
				WRAPPER_EXTENSION = app;
			};
			name = Release;
		};
		EBA15AB018DE2A6800DC1449 /* Debug */ = {
			isa = XCBuildConfiguration;
			buildSettings = {
				BUNDLE_LOADER = "$(BUILT_PRODUCTS_DIR)/Yelp.app/Yelp";
				FRAMEWORK_SEARCH_PATHS = (
					"$(SDKROOT)/Developer/Library/Frameworks",
					"$(inherited)",
					"$(DEVELOPER_FRAMEWORKS_DIR)",
				);
				GCC_PRECOMPILE_PREFIX_HEADER = YES;
				GCC_PREFIX_HEADER = "Yelp/Yelp-Prefix.pch";
				GCC_PREPROCESSOR_DEFINITIONS = (
					"DEBUG=1",
					"$(inherited)",
				);
				INFOPLIST_FILE = "YelpTests/YelpTests-Info.plist";
				PRODUCT_NAME = "$(TARGET_NAME)";
				TEST_HOST = "$(BUNDLE_LOADER)";
				WRAPPER_EXTENSION = xctest;
			};
			name = Debug;
		};
		EBA15AB118DE2A6800DC1449 /* Release */ = {
			isa = XCBuildConfiguration;
			buildSettings = {
				BUNDLE_LOADER = "$(BUILT_PRODUCTS_DIR)/Yelp.app/Yelp";
				FRAMEWORK_SEARCH_PATHS = (
					"$(SDKROOT)/Developer/Library/Frameworks",
					"$(inherited)",
					"$(DEVELOPER_FRAMEWORKS_DIR)",
				);
				GCC_PRECOMPILE_PREFIX_HEADER = YES;
				GCC_PREFIX_HEADER = "Yelp/Yelp-Prefix.pch";
				INFOPLIST_FILE = "YelpTests/YelpTests-Info.plist";
				PRODUCT_NAME = "$(TARGET_NAME)";
				TEST_HOST = "$(BUNDLE_LOADER)";
				WRAPPER_EXTENSION = xctest;
			};
			name = Release;
		};
/* End XCBuildConfiguration section */

/* Begin XCConfigurationList section */
		EBA15A7B18DE2A6800DC1449 /* Build configuration list for PBXProject "Yelp" */ = {
			isa = XCConfigurationList;
			buildConfigurations = (
				EBA15AAA18DE2A6800DC1449 /* Debug */,
				EBA15AAB18DE2A6800DC1449 /* Release */,
			);
			defaultConfigurationIsVisible = 0;
			defaultConfigurationName = Release;
		};
		EBA15AAC18DE2A6800DC1449 /* Build configuration list for PBXNativeTarget "Yelp" */ = {
			isa = XCConfigurationList;
			buildConfigurations = (
				EBA15AAD18DE2A6800DC1449 /* Debug */,
				EBA15AAE18DE2A6800DC1449 /* Release */,
			);
			defaultConfigurationIsVisible = 0;
			defaultConfigurationName = Release;
		};
		EBA15AAF18DE2A6800DC1449 /* Build configuration list for PBXNativeTarget "YelpTests" */ = {
			isa = XCConfigurationList;
			buildConfigurations = (
				EBA15AB018DE2A6800DC1449 /* Debug */,
				EBA15AB118DE2A6800DC1449 /* Release */,
			);
			defaultConfigurationIsVisible = 0;
			defaultConfigurationName = Release;
		};
/* End XCConfigurationList section */
	};
	rootObject = EBA15A7818DE2A6800DC1449 /* Project object */;
}
